
Microsoft Visual Studio Solution File, Format Version 12.00
# Visual Studio Version 17
VisualStudioVersion = 17.0.32014.148
MinimumVisualStudioVersion = 10.0.40219.1
Project("{FAE04EC0-301F-11D3-BF4B-00C04F79EFBC}") = "CursoCSharp", "CursoCSharp.csproj", "{3F11EF03-7018-460E-A688-291F46F5643E}"
EndProject
Global
	GlobalSection(SolutionConfigurationPlatforms) = preSolution
		Debug|Any CPU = Debug|Any CPU
		Release|Any CPU = Release|Any CPU
	EndGlobalSection
	GlobalSection(ProjectConfigurationPlatforms) = postSolution
		{3F11EF03-7018-460E-A688-291F46F5643E}.Debug|Any CPU.ActiveCfg = Debug|Any CPU
		{3F11EF03-7018-460E-A688-291F46F5643E}.Debug|Any CPU.Build.0 = Debug|Any CPU
		{3F11EF03-7018-460E-A688-291F46F5643E}.Release|Any CPU.ActiveCfg = Release|Any CPU
		{3F11EF03-7018-460E-A688-291F46F5643E}.Release|Any CPU.Build.0 = Release|Any CPU
	EndGlobalSection
	GlobalSection(SolutionProperties) = preSolution
		HideSolutionNode = FALSE
	EndGlobalSection
	GlobalSection(ExtensibilityGlobals) = postSolution
		SolutionGuid = {000921B7-8020-4B14-901E-DCCF9A997BBC}
	EndGlobalSection
EndGlobal
